
Microsoft Visual Studio Solution File, Format Version 12.00
# Visual Studio Version 16
VisualStudioVersion = 16.0.31205.134
MinimumVisualStudioVersion = 10.0.40219.1
Project("{FAE04EC0-301F-11D3-BF4B-00C04F79EFBC}") = "DynamicArrayProgram", "DynamicArrayProgram\DynamicArrayProgram.csproj", "{FF7172E2-C18C-4779-96A6-7BF2FC1B4AB3}"
EndProject
Global
	GlobalSection(SolutionConfigurationPlatforms) = preSolution
		Debug|Any CPU = Debug|Any CPU
		Release|Any CPU = Release|Any CPU
	EndGlobalSection
	GlobalSection(ProjectConfigurationPlatforms) = postSolution
		{FF7172E2-C18C-4779-96A6-7BF2FC1B4AB3}.Debug|Any CPU.ActiveCfg = Debug|Any CPU
		{FF7172E2-C18C-4779-96A6-7BF2FC1B4AB3}.Debug|Any CPU.Build.0 = Debug|Any CPU
		{FF7172E2-C18C-4779-96A6-7BF2FC1B4AB3}.Release|Any CPU.ActiveCfg = Release|Any CPU
		{FF7172E2-C18C-4779-96A6-7BF2FC1B4AB3}.Release|Any CPU.Build.0 = Release|Any CPU
	EndGlobalSection
	GlobalSection(SolutionProperties) = preSolution
		HideSolutionNode = FALSE
	EndGlobalSection
	GlobalSection(ExtensibilityGlobals) = postSolution
		SolutionGuid = {7EA6605E-8781-4899-94A9-F3E02A12981E}
	EndGlobalSection
EndGlobal
